{
  "name": "round-robin-soccer-tournament",
  "version": "1.0.0",
  "lockfileVersion": 2,
  "requires": true,
  "packages": {
    "": {
      "name": "round-robin-soccer-tournament",
      "version": "1.0.0",
      "devDependencies": {
        "jest": "^29.0.0",
        "eslint": "^8.0.0",
        "prettier": "^3.0.0"
      }
    }
  }
}
